
Microsoft Visual Studio Solution File, Format Version 12.00
# Visual Studio Version 16
VisualStudioVersion = 16.0.31321.278
MinimumVisualStudioVersion = 10.0.40219.1
Project("{9092AA53-FB77-4645-B42D-1CCCA6BD08BD}") = "daily_notes", "daily_notes.njsproj", "{7074187A-2E23-498E-B5C5-B6FDE7FFD471}"
EndProject
Global
	GlobalSection(SolutionConfigurationPlatforms) = preSolution
		Debug|Any CPU = Debug|Any CPU
		Release|Any CPU = Release|Any CPU
	EndGlobalSection
	GlobalSection(ProjectConfigurationPlatforms) = postSolution
		{7074187A-2E23-498E-B5C5-B6FDE7FFD471}.Debug|Any CPU.ActiveCfg = Debug|Any CPU
		{7074187A-2E23-498E-B5C5-B6FDE7FFD471}.Debug|Any CPU.Build.0 = Debug|Any CPU
		{7074187A-2E23-498E-B5C5-B6FDE7FFD471}.Release|Any CPU.ActiveCfg = Release|Any CPU
		{7074187A-2E23-498E-B5C5-B6FDE7FFD471}.Release|Any CPU.Build.0 = Release|Any CPU
	EndGlobalSection
	GlobalSection(SolutionProperties) = preSolution
		HideSolutionNode = FALSE
	EndGlobalSection
	GlobalSection(ExtensibilityGlobals) = postSolution
		SolutionGuid = {25B8544E-0498-4430-8DDE-4F3A1933BCC0}
	EndGlobalSection
EndGlobal
